{
  "originHash" : "79762477f8e820e9deb3cf4e91c2f815294ed3e8c74d10dd151a2add89a7c8ec",
  "pins" : [
    {
      "identity" : "swiftsoup",
      "kind" : "remoteSourceControl",
      "location" : "https://github.com/scinfu/SwiftSoup.git",
      "state" : {
        "revision" : "fd541c4b3fa7dcec2e7cfe049505b6e4382cd66b",
        "version" : "2.13.2"
      }
    }
  ],
  "version" : 3
}
